
Microsoft Visual Studio Solution File, Format Version 12.00
# Visual Studio Version 17
VisualStudioVersion = 17.0.31903.59
MinimumVisualStudioVersion = 10.0.40219.1
Project("{FAE04EC0-301F-11D3-BF4B-00C04F79EFBC}") = "BlackjackStreakSimulator.Engine", "BlackjackStreakSimulator.Engine\BlackjackStreakSimulator.Engine.csproj", "{6178BD36-E633-4672-BC70-FD1AF9CDD693}"
EndProject
Project("{FAE04EC0-301F-11D3-BF4B-00C04F79EFBC}") = "BlackjackStreakSimulator.Engine.Tests", "BlackjackStreakSimulator.Engine.Tests\BlackjackStreakSimulator.Engine.Tests.csproj", "{7107ADD8-3FBD-47CF-8540-AB13762D066E}"
EndProject
Project("{FAE04EC0-301F-11D3-BF4B-00C04F79EFBC}") = "BlackjackStreakSimulator.Web", "BlackjackStreakSimulator.Web\BlackjackStreakSimulator.Web.csproj", "{775B60A9-A753-41E5-83E4-6ADF8B318635}"
EndProject
Project("{FAE04EC0-301F-11D3-BF4B-00C04F79EFBC}") = "BlackjackStreakSimulator.Functions", "BlackjackStreakSimulator.Functions\BlackjackStreakSimulator.Functions.csproj", "{05210F32-CC16-4815-BD8C-ACA882D60829}"
EndProject
Global
	GlobalSection(SolutionConfigurationPlatforms) = preSolution
		Debug|Any CPU = Debug|Any CPU
		Debug|x64 = Debug|x64
		Debug|x86 = Debug|x86
		Release|Any CPU = Release|Any CPU
		Release|x64 = Release|x64
		Release|x86 = Release|x86
	EndGlobalSection
	GlobalSection(ProjectConfigurationPlatforms) = postSolution
		{6178BD36-E633-4672-BC70-FD1AF9CDD693}.Debug|Any CPU.ActiveCfg = Debug|Any CPU
		{6178BD36-E633-4672-BC70-FD1AF9CDD693}.Debug|Any CPU.Build.0 = Debug|Any CPU
		{6178BD36-E633-4672-BC70-FD1AF9CDD693}.Debug|x64.ActiveCfg = Debug|Any CPU
		{6178BD36-E633-4672-BC70-FD1AF9CDD693}.Debug|x64.Build.0 = Debug|Any CPU
		{6178BD36-E633-4672-BC70-FD1AF9CDD693}.Debug|x86.ActiveCfg = Debug|Any CPU
		{6178BD36-E633-4672-BC70-FD1AF9CDD693}.Debug|x86.Build.0 = Debug|Any CPU
		{6178BD36-E633-4672-BC70-FD1AF9CDD693}.Release|Any CPU.ActiveCfg = Release|Any CPU
		{6178BD36-E633-4672-BC70-FD1AF9CDD693}.Release|Any CPU.Build.0 = Release|Any CPU
		{6178BD36-E633-4672-BC70-FD1AF9CDD693}.Release|x64.ActiveCfg = Release|Any CPU
		{6178BD36-E633-4672-BC70-FD1AF9CDD693}.Release|x64.Build.0 = Release|Any CPU
		{6178BD36-E633-4672-BC70-FD1AF9CDD693}.Release|x86.ActiveCfg = Release|Any CPU
		{6178BD36-E633-4672-BC70-FD1AF9CDD693}.Release|x86.Build.0 = Release|Any CPU
		{7107ADD8-3FBD-47CF-8540-AB13762D066E}.Debug|Any CPU.ActiveCfg = Debug|Any CPU
		{7107ADD8-3FBD-47CF-8540-AB13762D066E}.Debug|Any CPU.Build.0 = Debug|Any CPU
		{7107ADD8-3FBD-47CF-8540-AB13762D066E}.Debug|x64.ActiveCfg = Debug|Any CPU
		{7107ADD8-3FBD-47CF-8540-AB13762D066E}.Debug|x64.Build.0 = Debug|Any CPU
		{7107ADD8-3FBD-47CF-8540-AB13762D066E}.Debug|x86.ActiveCfg = Debug|Any CPU
		{7107ADD8-3FBD-47CF-8540-AB13762D066E}.Debug|x86.Build.0 = Debug|Any CPU
		{7107ADD8-3FBD-47CF-8540-AB13762D066E}.Release|Any CPU.ActiveCfg = Release|Any CPU
		{7107ADD8-3FBD-47CF-8540-AB13762D066E}.Release|Any CPU.Build.0 = Release|Any CPU
		{7107ADD8-3FBD-47CF-8540-AB13762D066E}.Release|x64.ActiveCfg = Release|Any CPU
		{7107ADD8-3FBD-47CF-8540-AB13762D066E}.Release|x64.Build.0 = Release|Any CPU
		{7107ADD8-3FBD-47CF-8540-AB13762D066E}.Release|x86.ActiveCfg = Release|Any CPU
		{7107ADD8-3FBD-47CF-8540-AB13762D066E}.Release|x86.Build.0 = Release|Any CPU
		{775B60A9-A753-41E5-83E4-6ADF8B318635}.Debug|Any CPU.ActiveCfg = Debug|Any CPU
		{775B60A9-A753-41E5-83E4-6ADF8B318635}.Debug|Any CPU.Build.0 = Debug|Any CPU
		{775B60A9-A753-41E5-83E4-6ADF8B318635}.Debug|x64.ActiveCfg = Debug|Any CPU
		{775B60A9-A753-41E5-83E4-6ADF8B318635}.Debug|x64.Build.0 = Debug|Any CPU
		{775B60A9-A753-41E5-83E4-6ADF8B318635}.Debug|x86.ActiveCfg = Debug|Any CPU
		{775B60A9-A753-41E5-83E4-6ADF8B318635}.Debug|x86.Build.0 = Debug|Any CPU
		{775B60A9-A753-41E5-83E4-6ADF8B318635}.Release|Any CPU.ActiveCfg = Release|Any CPU
		{775B60A9-A753-41E5-83E4-6ADF8B318635}.Release|Any CPU.Build.0 = Release|Any CPU
		{775B60A9-A753-41E5-83E4-6ADF8B318635}.Release|x64.ActiveCfg = Release|Any CPU
		{775B60A9-A753-41E5-83E4-6ADF8B318635}.Release|x64.Build.0 = Release|Any CPU
		{775B60A9-A753-41E5-83E4-6ADF8B318635}.Release|x86.ActiveCfg = Release|Any CPU
		{775B60A9-A753-41E5-83E4-6ADF8B318635}.Release|x86.Build.0 = Release|Any CPU
		{05210F32-CC16-4815-BD8C-ACA882D60829}.Debug|Any CPU.ActiveCfg = Debug|Any CPU
		{05210F32-CC16-4815-BD8C-ACA882D60829}.Debug|Any CPU.Build.0 = Debug|Any CPU
		{05210F32-CC16-4815-BD8C-ACA882D60829}.Debug|x64.ActiveCfg = Debug|Any CPU
		{05210F32-CC16-4815-BD8C-ACA882D60829}.Debug|x64.Build.0 = Debug|Any CPU
		{05210F32-CC16-4815-BD8C-ACA882D60829}.Debug|x86.ActiveCfg = Debug|Any CPU
		{05210F32-CC16-4815-BD8C-ACA882D60829}.Debug|x86.Build.0 = Debug|Any CPU
		{05210F32-CC16-4815-BD8C-ACA882D60829}.Release|Any CPU.ActiveCfg = Release|Any CPU
		{05210F32-CC16-4815-BD8C-ACA882D60829}.Release|Any CPU.Build.0 = Release|Any CPU
		{05210F32-CC16-4815-BD8C-ACA882D60829}.Release|x64.ActiveCfg = Release|Any CPU
		{05210F32-CC16-4815-BD8C-ACA882D60829}.Release|x64.Build.0 = Release|Any CPU
		{05210F32-CC16-4815-BD8C-ACA882D60829}.Release|x86.ActiveCfg = Release|Any CPU
		{05210F32-CC16-4815-BD8C-ACA882D60829}.Release|x86.Build.0 = Release|Any CPU
	EndGlobalSection
	GlobalSection(SolutionProperties) = preSolution
		HideSolutionNode = FALSE
	EndGlobalSection
EndGlobal
